
Microsoft Visual Studio Solution File, Format Version 12.00
# Visual Studio 15
VisualStudioVersion = 15.0.26730.12
MinimumVisualStudioVersion = 10.0.40219.1
Project("{FAE04EC0-301F-11D3-BF4B-00C04F79EFBC}") = "FlexMike", "FlexMike.csproj", "{DD87C0EA-8C2C-413A-9ED9-A4B67587C225}"
EndProject
Global
	GlobalSection(SolutionConfigurationPlatforms) = preSolution
		Debug|Any CPU = Debug|Any CPU
		Release|Any CPU = Release|Any CPU
	EndGlobalSection
	GlobalSection(ProjectConfigurationPlatforms) = postSolution
		{DD87C0EA-8C2C-413A-9ED9-A4B67587C225}.Debug|Any CPU.ActiveCfg = Debug|Any CPU
		{DD87C0EA-8C2C-413A-9ED9-A4B67587C225}.Debug|Any CPU.Build.0 = Debug|Any CPU
		{DD87C0EA-8C2C-413A-9ED9-A4B67587C225}.Release|Any CPU.ActiveCfg = Release|Any CPU
		{DD87C0EA-8C2C-413A-9ED9-A4B67587C225}.Release|Any CPU.Build.0 = Release|Any CPU
	EndGlobalSection
	GlobalSection(SolutionProperties) = preSolution
		HideSolutionNode = FALSE
	EndGlobalSection
	GlobalSection(ExtensibilityGlobals) = postSolution
		SolutionGuid = {6D15C45E-6160-484E-B075-214D308771F2}
	EndGlobalSection
EndGlobal
